// !$*UTF8*$!
{
	archiveVersion = 1;
	classes = {
	};
	objectVersion = 46;
	objects = {

/* Begin PBXBuildFile section */
		96BC1E5B18BB9EDA005A7B2F /* Foundation.framework in Frameworks */ = {isa = PBXBuildFile; fileRef = 96BC1E5A18BB9EDA005A7B2F /* Foundation.framework */; };
		96BC1E5D18BB9EDA005A7B2F /* CoreGraphics.framework in Frameworks */ = {isa = PBXBuildFile; fileRef = 96BC1E5C18BB9EDA005A7B2F /* CoreGraphics.framework */; };
		96BC1E5F18BB9EDA005A7B2F /* UIKit.framework in Frameworks */ = {isa = PBXBuildFile; fileRef = 96BC1E5E18BB9EDA005A7B2F /* UIKit.framework */; };
		96BC1E6518BB9EDA005A7B2F /* InfoPlist.strings in Resources */ = {isa = PBXBuildFile; fileRef = 96BC1E6318BB9EDA005A7B2F /* InfoPlist.strings */; };
		96BC1E6718BB9EDA005A7B2F /* main.m in Sources */ = {isa = PBXBuildFile; fileRef = 96BC1E6618BB9EDA005A7B2F /* main.m */; };
		96BC1E6B18BB9EDA005A7B2F /* AppDelegate.m in Sources */ = {isa = PBXBuildFile; fileRef = 96BC1E6A18BB9EDA005A7B2F /* AppDelegate.m */; };
		96BC1E6E18BB9EDA005A7B2F /* Main_iPhone.storyboard in Resources */ = {isa = PBXBuildFile; fileRef = 96BC1E6C18BB9EDA005A7B2F /* Main_iPhone.storyboard */; };
		96BC1E7118BB9EDA005A7B2F /* Main_iPad.storyboard in Resources */ = {isa = PBXBuildFile; fileRef = 96BC1E6F18BB9EDA005A7B2F /* Main_iPad.storyboard */; };
		96BC1E7418BB9EDA005A7B2F /* ViewController.m in Sources */ = {isa = PBXBuildFile; fileRef = 96BC1E7318BB9EDA005A7B2F /* ViewController.m */; };
		96BC1E7618BB9EDA005A7B2F /* Images.xcassets in Resources */ = {isa = PBXBuildFile; fileRef = 96BC1E7518BB9EDA005A7B2F /* Images.xcassets */; };
		96BC1E7D18BB9EDB005A7B2F /* XCTest.framework in Frameworks */ = {isa = PBXBuildFile; fileRef = 96BC1E7C18BB9EDB005A7B2F /* XCTest.framework */; };
		96BC1E7E18BB9EDB005A7B2F /* Foundation.framework in Frameworks */ = {isa = PBXBuildFile; fileRef = 96BC1E5A18BB9EDA005A7B2F /* Foundation.framework */; };
		96BC1E7F18BB9EDB005A7B2F /* UIKit.framework in Frameworks */ = {isa = PBXBuildFile; fileRef = 96BC1E5E18BB9EDA005A7B2F /* UIKit.framework */; };
		96BC1E8718BB9EDB005A7B2F /* InfoPlist.strings in Resources */ = {isa = PBXBuildFile; fileRef = 96BC1E8518BB9EDB005A7B2F /* InfoPlist.strings */; };
		96BC1E8918BB9EDB005A7B2F /* TrafikskolanATests.m in Sources */ = {isa = PBXBuildFile; fileRef = 96BC1E8818BB9EDB005A7B2F /* TrafikskolanATests.m */; };
/* End PBXBuildFile section */

/* Begin PBXContainerItemProxy section */
		96BC1E8018BB9EDB005A7B2F /* PBXContainerItemProxy */ = {
			isa = PBXContainerItemProxy;
			containerPortal = 96BC1E4F18BB9EDA005A7B2F /* Project object */;
			proxyType = 1;
			remoteGlobalIDString = 96BC1E5618BB9EDA005A7B2F;
			remoteInfo = TrafikskolanA;
		};
/* End PBXContainerItemProxy section */

/* Begin PBXFileReference section */
		96BC1E5718BB9EDA005A7B2F /* TrafikskolanA.app */ = {isa = PBXFileReference; explicitFileType = wrapper.application; includeInIndex = 0; path = TrafikskolanA.app; sourceTree = BUILT_PRODUCTS_DIR; };
		96BC1E5A18BB9EDA005A7B2F /* Foundation.framework */ = {isa = PBXFileReference; lastKnownFileType = wrapper.framework; name = Foundation.framework; path = System/Library/Frameworks/Foundation.framework; sourceTree = SDKROOT; };
		96BC1E5C18BB9EDA005A7B2F /* CoreGraphics.framework */ = {isa = PBXFileReference; lastKnownFileType = wrapper.framework; name = CoreGraphics.framework; path = System/Library/Frameworks/CoreGraphics.framework; sourceTree = SDKROOT; };
		96BC1E5E18BB9EDA005A7B2F /* UIKit.framework */ = {isa = PBXFileReference; lastKnownFileType = wrapper.framework; name = UIKit.framework; path = System/Library/Frameworks/UIKit.framework; sourceTree = SDKROOT; };
		96BC1E6218BB9EDA005A7B2F /* TrafikskolanA-Info.plist */ = {isa = PBXFileReference; lastKnownFileType = text.plist.xml; path = "TrafikskolanA-Info.plist"; sourceTree = "<group>"; };
		96BC1E6418BB9EDA005A7B2F /* en */ = {isa = PBXFileReference; lastKnownFileType = text.plist.strings; name = en; path = en.lproj/InfoPlist.strings; sourceTree = "<group>"; };
		96BC1E6618BB9EDA005A7B2F /* main.m */ = {isa = PBXFileReference; lastKnownFileType = sourcecode.c.objc; path = main.m; sourceTree = "<group>"; };
		96BC1E6818BB9EDA005A7B2F /* TrafikskolanA-Prefix.pch */ = {isa = PBXFileReference; lastKnownFileType = sourcecode.c.h; path = "TrafikskolanA-Prefix.pch"; sourceTree = "<group>"; };
		96BC1E6918BB9EDA005A7B2F /* AppDelegate.h */ = {isa = PBXFileReference; lastKnownFileType = sourcecode.c.h; path = AppDelegate.h; sourceTree = "<group>"; };
		96BC1E6A18BB9EDA005A7B2F /* AppDelegate.m */ = {isa = PBXFileReference; lastKnownFileType = sourcecode.c.objc; path = AppDelegate.m; sourceTree = "<group>"; };
		96BC1E6D18BB9EDA005A7B2F /* Base */ = {isa = PBXFileReference; lastKnownFileType = file.storyboard; name = Base; path = Base.lproj/Main_iPhone.storyboard; sourceTree = "<group>"; };
		96BC1E7018BB9EDA005A7B2F /* Base */ = {isa = PBXFileReference; lastKnownFileType = file.storyboard; name = Base; path = Base.lproj/Main_iPad.storyboard; sourceTree = "<group>"; };
		96BC1E7218BB9EDA005A7B2F /* ViewController.h */ = {isa = PBXFileReference; lastKnownFileType = sourcecode.c.h; path = ViewController.h; sourceTree = "<group>"; };
		96BC1E7318BB9EDA005A7B2F /* ViewController.m */ = {isa = PBXFileReference; lastKnownFileType = sourcecode.c.objc; path = ViewController.m; sourceTree = "<group>"; };
		96BC1E7518BB9EDA005A7B2F /* Images.xcassets */ = {isa = PBXFileReference; lastKnownFileType = folder.assetcatalog; path = Images.xcassets; sourceTree = "<group>"; };
		96BC1E7B18BB9EDB005A7B2F /* TrafikskolanATests.xctest */ = {isa = PBXFileReference; explicitFileType = wrapper.cfbundle; includeInIndex = 0; path = TrafikskolanATests.xctest; sourceTree = BUILT_PRODUCTS_DIR; };
		96BC1E7C18BB9EDB005A7B2F /* XCTest.framework */ = {isa = PBXFileReference; lastKnownFileType = wrapper.framework; name = XCTest.framework; path = Library/Frameworks/XCTest.framework; sourceTree = DEVELOPER_DIR; };
		96BC1E8418BB9EDB005A7B2F /* TrafikskolanATests-Info.plist */ = {isa = PBXFileReference; lastKnownFileType = text.plist.xml; path = "TrafikskolanATests-Info.plist"; sourceTree = "<group>"; };
		96BC1E8618BB9EDB005A7B2F /* en */ = {isa = PBXFileReference; lastKnownFileType = text.plist.strings; name = en; path = en.lproj/InfoPlist.strings; sourceTree = "<group>"; };
		96BC1E8818BB9EDB005A7B2F /* TrafikskolanATests.m */ = {isa = PBXFileReference; lastKnownFileType = sourcecode.c.objc; path = TrafikskolanATests.m; sourceTree = "<group>"; };
/* End PBXFileReference section */

/* Begin PBXFrameworksBuildPhase section */
		96BC1E5418BB9EDA005A7B2F /* Frameworks */ = {
			isa = PBXFrameworksBuildPhase;
			buildActionMask = 2147483647;
			files = (
				96BC1E5D18BB9EDA005A7B2F /* CoreGraphics.framework in Frameworks */,
				96BC1E5F18BB9EDA005A7B2F /* UIKit.framework in Frameworks */,
				96BC1E5B18BB9EDA005A7B2F /* Foundation.framework in Frameworks */,
			);
			runOnlyForDeploymentPostprocessing = 0;
		};
		96BC1E7818BB9EDB005A7B2F /* Frameworks */ = {
			isa = PBXFrameworksBuildPhase;
			buildActionMask = 2147483647;
			files = (
				96BC1E7D18BB9EDB005A7B2F /* XCTest.framework in Frameworks */,
				96BC1E7F18BB9EDB005A7B2F /* UIKit.framework in Frameworks */,
				96BC1E7E18BB9EDB005A7B2F /* Foundation.framework in Frameworks */,
			);
			runOnlyForDeploymentPostprocessing = 0;
		};
/* End PBXFrameworksBuildPhase section */

/* Begin PBXGroup section */
		96BC1E4E18BB9EDA005A7B2F = {
			isa = PBXGroup;
			children = (
				96BC1E6018BB9EDA005A7B2F /* TrafikskolanA */,
				96BC1E8218BB9EDB005A7B2F /* TrafikskolanATests */,
				96BC1E5918BB9EDA005A7B2F /* Frameworks */,
				96BC1E5818BB9EDA005A7B2F /* Products */,
			);
			sourceTree = "<group>";
		};
		96BC1E5818BB9EDA005A7B2F /* Products */ = {
			isa = PBXGroup;
			children = (
				96BC1E5718BB9EDA005A7B2F /* TrafikskolanA.app */,
				96BC1E7B18BB9EDB005A7B2F /* TrafikskolanATests.xctest */,
			);
			name = Products;
			sourceTree = "<group>";
		};
		96BC1E5918BB9EDA005A7B2F /* Frameworks */ = {
			isa = PBXGroup;
			children = (
				96BC1E5A18BB9EDA005A7B2F /* Foundation.framework */,
				96BC1E5C18BB9EDA005A7B2F /* CoreGraphics.framework */,
				96BC1E5E18BB9EDA005A7B2F /* UIKit.framework */,
				96BC1E7C18BB9EDB005A7B2F /* XCTest.framework */,
			);
			name = Frameworks;
			sourceTree = "<group>";
		};
		96BC1E6018BB9EDA005A7B2F /* TrafikskolanA */ = {
			isa = PBXGroup;
			children = (
				96BC1E6918BB9EDA005A7B2F /* AppDelegate.h */,
				96BC1E6A18BB9EDA005A7B2F /* AppDelegate.m */,
				96BC1E6C18BB9EDA005A7B2F /* Main_iPhone.storyboard */,
				96BC1E6F18BB9EDA005A7B2F /* Main_iPad.storyboard */,
				96BC1E7218BB9EDA005A7B2F /* ViewController.h */,
				96BC1E7318BB9EDA005A7B2F /* ViewController.m */,
				96BC1E7518BB9EDA005A7B2F /* Images.xcassets */,
				96BC1E6118BB9EDA005A7B2F /* Supporting Files */,
			);
			path = TrafikskolanA;
			sourceTree = "<group>";
		};
		96BC1E6118BB9EDA005A7B2F /* Supporting Files */ = {
			isa = PBXGroup;
			children = (
				96BC1E6218BB9EDA005A7B2F /* TrafikskolanA-Info.plist */,
				96BC1E6318BB9EDA005A7B2F /* InfoPlist.strings */,
				96BC1E6618BB9EDA005A7B2F /* main.m */,
				96BC1E6818BB9EDA005A7B2F /* TrafikskolanA-Prefix.pch */,
			);
			name = "Supporting Files";
			sourceTree = "<group>";
		};
		96BC1E8218BB9EDB005A7B2F /* TrafikskolanATests */ = {
			isa = PBXGroup;
			children = (
				96BC1E8818BB9EDB005A7B2F /* TrafikskolanATests.m */,
				96BC1E8318BB9EDB005A7B2F /* Supporting Files */,
			);
			path = TrafikskolanATests;
			sourceTree = "<group>";
		};
		96BC1E8318BB9EDB005A7B2F /* Supporting Files */ = {
			isa = PBXGroup;
			children = (
				96BC1E8418BB9EDB005A7B2F /* TrafikskolanATests-Info.plist */,
				96BC1E8518BB9EDB005A7B2F /* InfoPlist.strings */,
			);
			name = "Supporting Files";
			sourceTree = "<group>";
		};
/* End PBXGroup section */

/* Begin PBXNativeTarget section */
		96BC1E5618BB9EDA005A7B2F /* TrafikskolanA */ = {
			isa = PBXNativeTarget;
			buildConfigurationList = 96BC1E8C18BB9EDB005A7B2F /* Build configuration list for PBXNativeTarget "TrafikskolanA" */;
			buildPhases = (
				96BC1E5318BB9EDA005A7B2F /* Sources */,
				96BC1E5418BB9EDA005A7B2F /* Frameworks */,
				96BC1E5518BB9EDA005A7B2F /* Resources */,
			);
			buildRules = (
			);
			dependencies = (
			);
			name = TrafikskolanA;
			productName = TrafikskolanA;
			productReference = 96BC1E5718BB9EDA005A7B2F /* TrafikskolanA.app */;
			productType = "com.apple.product-type.application";
		};
		96BC1E7A18BB9EDB005A7B2F /* TrafikskolanATests */ = {
			isa = PBXNativeTarget;
			buildConfigurationList = 96BC1E8F18BB9EDB005A7B2F /* Build configuration list for PBXNativeTarget "TrafikskolanATests" */;
			buildPhases = (
				96BC1E7718BB9EDB005A7B2F /* Sources */,
				96BC1E7818BB9EDB005A7B2F /* Frameworks */,
				96BC1E7918BB9EDB005A7B2F /* Resources */,
			);
			buildRules = (
			);
			dependencies = (
				96BC1E8118BB9EDB005A7B2F /* PBXTargetDependency */,
			);
			name = TrafikskolanATests;
			productName = TrafikskolanATests;
			productReference = 96BC1E7B18BB9EDB005A7B2F /* TrafikskolanATests.xctest */;
			productType = "com.apple.product-type.bundle.unit-test";
		};
/* End PBXNativeTarget section */

/* Begin PBXProject section */
		96BC1E4F18BB9EDA005A7B2F /* Project object */ = {
			isa = PBXProject;
			attributes = {
				LastUpgradeCheck = 0500;
				ORGANIZATIONNAME = "AppGood AB";
				TargetAttributes = {
					96BC1E7A18BB9EDB005A7B2F = {
						TestTargetID = 96BC1E5618BB9EDA005A7B2F;
					};
				};
			};
			buildConfigurationList = 96BC1E5218BB9EDA005A7B2F /* Build configuration list for PBXProject "TrafikskolanA" */;
			compatibilityVersion = "Xcode 3.2";
			developmentRegion = English;
			hasScannedForEncodings = 0;
			knownRegions = (
				en,
				Base,
			);
			mainGroup = 96BC1E4E18BB9EDA005A7B2F;
			productRefGroup = 96BC1E5818BB9EDA005A7B2F /* Products */;
			projectDirPath = "";
			projectRoot = "";
			targets = (
				96BC1E5618BB9EDA005A7B2F /* TrafikskolanA */,
				96BC1E7A18BB9EDB005A7B2F /* TrafikskolanATests */,
			);
		};
/* End PBXProject section */

/* Begin PBXResourcesBuildPhase section */
		96BC1E5518BB9EDA005A7B2F /* Resources */ = {
			isa = PBXResourcesBuildPhase;
			buildActionMask = 2147483647;
			files = (
				96BC1E7118BB9EDA005A7B2F /* Main_iPad.storyboard in Resources */,
				96BC1E7618BB9EDA005A7B2F /* Images.xcassets in Resources */,
				96BC1E6E18BB9EDA005A7B2F /* Main_iPhone.storyboard in Resources */,
				96BC1E6518BB9EDA005A7B2F /* InfoPlist.strings in Resources */,
			);
			runOnlyForDeploymentPostprocessing = 0;
		};
		96BC1E7918BB9EDB005A7B2F /* Resources */ = {
			isa = PBXResourcesBuildPhase;
			buildActionMask = 2147483647;
			files = (
				96BC1E8718BB9EDB005A7B2F /* InfoPlist.strings in Resources */,
			);
			runOnlyForDeploymentPostprocessing = 0;
		};
/* End PBXResourcesBuildPhase section */

/* Begin PBXSourcesBuildPhase section */
		96BC1E5318BB9EDA005A7B2F /* Sources */ = {
			isa = PBXSourcesBuildPhase;
			buildActionMask = 2147483647;
			files = (
				96BC1E7418BB9EDA005A7B2F /* ViewController.m in Sources */,
				96BC1E6B18BB9EDA005A7B2F /* AppDelegate.m in Sources */,
				96BC1E6718BB9EDA005A7B2F /* main.m in Sources */,
			);
			runOnlyForDeploymentPostprocessing = 0;
		};
		96BC1E7718BB9EDB005A7B2F /* Sources */ = {
			isa = PBXSourcesBuildPhase;
			buildActionMask = 2147483647;
			files = (
				96BC1E8918BB9EDB005A7B2F /* TrafikskolanATests.m in Sources */,
			);
			runOnlyForDeploymentPostprocessing = 0;
		};
/* End PBXSourcesBuildPhase section */

/* Begin PBXTargetDependency section */
		96BC1E8118BB9EDB005A7B2F /* PBXTargetDependency */ = {
			isa = PBXTargetDependency;
			target = 96BC1E5618BB9EDA005A7B2F /* TrafikskolanA */;
			targetProxy = 96BC1E8018BB9EDB005A7B2F /* PBXContainerItemProxy */;
		};
/* End PBXTargetDependency section */

/* Begin PBXVariantGroup section */
		96BC1E6318BB9EDA005A7B2F /* InfoPlist.strings */ = {
			isa = PBXVariantGroup;
			children = (
				96BC1E6418BB9EDA005A7B2F /* en */,
			);
			name = InfoPlist.strings;
			sourceTree = "<group>";
		};
		96BC1E6C18BB9EDA005A7B2F /* Main_iPhone.storyboard */ = {
			isa = PBXVariantGroup;
			children = (
				96BC1E6D18BB9EDA005A7B2F /* Base */,
			);
			name = Main_iPhone.storyboard;
			sourceTree = "<group>";
		};
		96BC1E6F18BB9EDA005A7B2F /* Main_iPad.storyboard */ = {
			isa = PBXVariantGroup;
			children = (
				96BC1E7018BB9EDA005A7B2F /* Base */,
			);
			name = Main_iPad.storyboard;
			sourceTree = "<group>";
		};
		96BC1E8518BB9EDB005A7B2F /* InfoPlist.strings */ = {
			isa = PBXVariantGroup;
			children = (
				96BC1E8618BB9EDB005A7B2F /* en */,
			);
			name = InfoPlist.strings;
			sourceTree = "<group>";
		};
/* End PBXVariantGroup section */

/* Begin XCBuildConfiguration section */
		96BC1E8A18BB9EDB005A7B2F /* Debug */ = {
			isa = XCBuildConfiguration;
			buildSettings = {
				ALWAYS_SEARCH_USER_PATHS = NO;
				ARCHS = "$(ARCHS_STANDARD_INCLUDING_64_BIT)";
				CLANG_CXX_LANGUAGE_STANDARD = "gnu++0x";
				CLANG_CXX_LIBRARY = "libc++";
				CLANG_ENABLE_MODULES = YES;
				CLANG_ENABLE_OBJC_ARC = YES;
				CLANG_WARN_BOOL_CONVERSION = YES;
				CLANG_WARN_CONSTANT_CONVERSION = YES;
				CLANG_WARN_DIRECT_OBJC_ISA_USAGE = YES_ERROR;
				CLANG_WARN_EMPTY_BODY = YES;
				CLANG_WARN_ENUM_CONVERSION = YES;
				CLANG_WARN_INT_CONVERSION = YES;
				CLANG_WARN_OBJC_ROOT_CLASS = YES_ERROR;
				CLANG_WARN__DUPLICATE_METHOD_MATCH = YES;
				"CODE_SIGN_IDENTITY[sdk=iphoneos*]" = "iPhone Developer";
				COPY_PHASE_STRIP = NO;
				GCC_C_LANGUAGE_STANDARD = gnu99;
				GCC_DYNAMIC_NO_PIC = NO;
				GCC_OPTIMIZATION_LEVEL = 0;
				GCC_PREPROCESSOR_DEFINITIONS = (
					"DEBUG=1",
					"$(inherited)",
				);
				GCC_SYMBOLS_PRIVATE_EXTERN = NO;
				GCC_WARN_64_TO_32_BIT_CONVERSION = YES;
				GCC_WARN_ABOUT_RETURN_TYPE = YES_ERROR;
				GCC_WARN_UNDECLARED_SELECTOR = YES;
				GCC_WARN_UNINITIALIZED_AUTOS = YES;
				GCC_WARN_UNUSED_FUNCTION = YES;
				GCC_WARN_UNUSED_VARIABLE = YES;
				IPHONEOS_DEPLOYMENT_TARGET = 7.0;
				ONLY_ACTIVE_ARCH = YES;
				SDKROOT = iphoneos;
				TARGETED_DEVICE_FAMILY = "1,2";
			};
			name = Debug;
		};
		96BC1E8B18BB9EDB005A7B2F /* Release */ = {
			isa = XCBuildConfiguration;
			buildSettings = {
				ALWAYS_SEARCH_USER_PATHS = NO;
				ARCHS = "$(ARCHS_STANDARD_INCLUDING_64_BIT)";
				CLANG_CXX_LANGUAGE_STANDARD = "gnu++0x";
				CLANG_CXX_LIBRARY = "libc++";
				CLANG_ENABLE_MODULES = YES;
				CLANG_ENABLE_OBJC_ARC = YES;
				CLANG_WARN_BOOL_CONVERSION = YES;
				CLANG_WARN_CONSTANT_CONVERSION = YES;
				CLANG_WARN_DIRECT_OBJC_ISA_USAGE = YES_ERROR;
				CLANG_WARN_EMPTY_BODY = YES;
				CLANG_WARN_ENUM_CONVERSION = YES;
				CLANG_WARN_INT_CONVERSION = YES;
				CLANG_WARN_OBJC_ROOT_CLASS = YES_ERROR;
				CLANG_WARN__DUPLICATE_METHOD_MATCH = YES;
				"CODE_SIGN_IDENTITY[sdk=iphoneos*]" = "iPhone Developer";
				COPY_PHASE_STRIP = YES;
				ENABLE_NS_ASSERTIONS = NO;
				GCC_C_LANGUAGE_STANDARD = gnu99;
				GCC_WARN_64_TO_32_BIT_CONVERSION = YES;
				GCC_WARN_ABOUT_RETURN_TYPE = YES_ERROR;
				GCC_WARN_UNDECLARED_SELECTOR = YES;
				GCC_WARN_UNINITIALIZED_AUTOS = YES;
				GCC_WARN_UNUSED_FUNCTION = YES;
				GCC_WARN_UNUSED_VARIABLE = YES;
				IPHONEOS_DEPLOYMENT_TARGET = 7.0;
				SDKROOT = iphoneos;
				TARGETED_DEVICE_FAMILY = "1,2";
				VALIDATE_PRODUCT = YES;
			};
			name = Release;
		};
		96BC1E8D18BB9EDB005A7B2F /* Debug */ = {
			isa = XCBuildConfiguration;
			buildSettings = {
				ASSETCATALOG_COMPILER_APPICON_NAME = AppIcon;
				ASSETCATALOG_COMPILER_LAUNCHIMAGE_NAME = LaunchImage;
				GCC_PRECOMPILE_PREFIX_HEADER = YES;
				GCC_PREFIX_HEADER = "TrafikskolanA/TrafikskolanA-Prefix.pch";
				INFOPLIST_FILE = "TrafikskolanA/TrafikskolanA-Info.plist";
				PRODUCT_NAME = "$(TARGET_NAME)";
				WRAPPER_EXTENSION = app;
			};
			name = Debug;
		};
		96BC1E8E18BB9EDB005A7B2F /* Release */ = {
			isa = XCBuildConfiguration;
			buildSettings = {
				ASSETCATALOG_COMPILER_APPICON_NAME = AppIcon;
				ASSETCATALOG_COMPILER_LAUNCHIMAGE_NAME = LaunchImage;
				GCC_PRECOMPILE_PREFIX_HEADER = YES;
				GCC_PREFIX_HEADER = "TrafikskolanA/TrafikskolanA-Prefix.pch";
				INFOPLIST_FILE = "TrafikskolanA/TrafikskolanA-Info.plist";
				PRODUCT_NAME = "$(TARGET_NAME)";
				WRAPPER_EXTENSION = app;
			};
			name = Release;
		};
		96BC1E9018BB9EDB005A7B2F /* Debug */ = {
			isa = XCBuildConfiguration;
			buildSettings = {
				ARCHS = "$(ARCHS_STANDARD_INCLUDING_64_BIT)";
				BUNDLE_LOADER = "$(BUILT_PRODUCTS_DIR)/TrafikskolanA.app/TrafikskolanA";
				FRAMEWORK_SEARCH_PATHS = (
					"$(SDKROOT)/Developer/Library/Frameworks",
					"$(inherited)",
					"$(DEVELOPER_FRAMEWORKS_DIR)",
				);
				GCC_PRECOMPILE_PREFIX_HEADER = YES;
				GCC_PREFIX_HEADER = "TrafikskolanA/TrafikskolanA-Prefix.pch";
				GCC_PREPROCESSOR_DEFINITIONS = (
					"DEBUG=1",
					"$(inherited)",
				);
				INFOPLIST_FILE = "TrafikskolanATests/TrafikskolanATests-Info.plist";
				PRODUCT_NAME = "$(TARGET_NAME)";
				TEST_HOST = "$(BUNDLE_LOADER)";
				WRAPPER_EXTENSION = xctest;
			};
			name = Debug;
		};
		96BC1E9118BB9EDB005A7B2F /* Release */ = {
			isa = XCBuildConfiguration;
			buildSettings = {
				ARCHS = "$(ARCHS_STANDARD_INCLUDING_64_BIT)";
				BUNDLE_LOADER = "$(BUILT_PRODUCTS_DIR)/TrafikskolanA.app/TrafikskolanA";
				FRAMEWORK_SEARCH_PATHS = (
					"$(SDKROOT)/Developer/Library/Frameworks",
					"$(inherited)",
					"$(DEVELOPER_FRAMEWORKS_DIR)",
				);
				GCC_PRECOMPILE_PREFIX_HEADER = YES;
				GCC_PREFIX_HEADER = "TrafikskolanA/TrafikskolanA-Prefix.pch";
				INFOPLIST_FILE = "TrafikskolanATests/TrafikskolanATests-Info.plist";
				PRODUCT_NAME = "$(TARGET_NAME)";
				TEST_HOST = "$(BUNDLE_LOADER)";
				WRAPPER_EXTENSION = xctest;
			};
			name = Release;
		};
/* End XCBuildConfiguration section */

/* Begin XCConfigurationList section */
		96BC1E5218BB9EDA005A7B2F /* Build configuration list for PBXProject "TrafikskolanA" */ = {
			isa = XCConfigurationList;
			buildConfigurations = (
				96BC1E8A18BB9EDB005A7B2F /* Debug */,
				96BC1E8B18BB9EDB005A7B2F /* Release */,
			);
			defaultConfigurationIsVisible = 0;
			defaultConfigurationName = Release;
		};
		96BC1E8C18BB9EDB005A7B2F /* Build configuration list for PBXNativeTarget "TrafikskolanA" */ = {
			isa = XCConfigurationList;
			buildConfigurations = (
				96BC1E8D18BB9EDB005A7B2F /* Debug */,
				96BC1E8E18BB9EDB005A7B2F /* Release */,
			);
			defaultConfigurationIsVisible = 0;
		};
		96BC1E8F18BB9EDB005A7B2F /* Build configuration list for PBXNativeTarget "TrafikskolanATests" */ = {
			isa = XCConfigurationList;
			buildConfigurations = (
				96BC1E9018BB9EDB005A7B2F /* Debug */,
				96BC1E9118BB9EDB005A7B2F /* Release */,
			);
			defaultConfigurationIsVisible = 0;
		};
/* End XCConfigurationList section */
	};
	rootObject = 96BC1E4F18BB9EDA005A7B2F /* Project object */;
}
